
Microsoft Visual Studio Solution File, Format Version 12.00
# Visual Studio Version 16
VisualStudioVersion = 16.0.29411.108
MinimumVisualStudioVersion = 10.0.40219.1
Project("{FAE04EC0-301F-11D3-BF4B-00C04F79EFBC}") = "ColorSplitter", "ColorSplitter\ColorSplitter.csproj", "{B7BA9C55-DB96-4094-9E75-F53E17EEE46B}"
EndProject
Global
	GlobalSection(SolutionConfigurationPlatforms) = preSolution
		Debug|Any CPU = Debug|Any CPU
		Release|Any CPU = Release|Any CPU
	EndGlobalSection
	GlobalSection(ProjectConfigurationPlatforms) = postSolution
		{B7BA9C55-DB96-4094-9E75-F53E17EEE46B}.Debug|Any CPU.ActiveCfg = Debug|Any CPU
		{B7BA9C55-DB96-4094-9E75-F53E17EEE46B}.Debug|Any CPU.Build.0 = Debug|Any CPU
		{B7BA9C55-DB96-4094-9E75-F53E17EEE46B}.Release|Any CPU.ActiveCfg = Release|Any CPU
		{B7BA9C55-DB96-4094-9E75-F53E17EEE46B}.Release|Any CPU.Build.0 = Release|Any CPU
	EndGlobalSection
	GlobalSection(SolutionProperties) = preSolution
		HideSolutionNode = FALSE
	EndGlobalSection
	GlobalSection(ExtensibilityGlobals) = postSolution
		SolutionGuid = {7E3D8612-155A-4B38-8881-71F6CFC51A36}
	EndGlobalSection
EndGlobal
